{
  "nodes": {
    "nixpkgs": {
      "locked": {
        "lastModified": 1790098209,
        "narHash": "sha256-rzxIGaISyvwx9g5Ypc+GuWeFqDStsX/54j0glrjJtlg=",
        "owner": "NixOS",
        "repo": "nixpkgs",
        "rev": "c789e0482e1ea141d66bf996ff8b20fcfdfd721b",
        "type": "github"
      },
      "original": {
        "owner": "NixOS",
        "ref": "release-26.05",
        "repo": "nixpkgs",
        "type": "github"
      }
    },
    "root": {
      "inputs": {
        "nixpkgs": "nixpkgs"
      }
    }
  },
  "root": "root",
  "version": 7
}
